
Microsoft Visual Studio Solution File, Format Version 12.00
# Visual Studio Version 17
VisualStudioVersion = 17.3.32901.215
MinimumVisualStudioVersion = 10.0.40219.1
Project("{FAE04EC0-301F-11D3-BF4B-00C04F79EFBC}") = "crud_fase3", "crud_fase3\crud_fase3.csproj", "{C5345248-D101-491C-A227-1B9C32479ABE}"
EndProject
Global
	GlobalSection(SolutionConfigurationPlatforms) = preSolution
		Debug|Any CPU = Debug|Any CPU
		Release|Any CPU = Release|Any CPU
	EndGlobalSection
	GlobalSection(ProjectConfigurationPlatforms) = postSolution
		{C5345248-D101-491C-A227-1B9C32479ABE}.Debug|Any CPU.ActiveCfg = Debug|Any CPU
		{C5345248-D101-491C-A227-1B9C32479ABE}.Debug|Any CPU.Build.0 = Debug|Any CPU
		{C5345248-D101-491C-A227-1B9C32479ABE}.Release|Any CPU.ActiveCfg = Release|Any CPU
		{C5345248-D101-491C-A227-1B9C32479ABE}.Release|Any CPU.Build.0 = Release|Any CPU
	EndGlobalSection
	GlobalSection(SolutionProperties) = preSolution
		HideSolutionNode = FALSE
	EndGlobalSection
	GlobalSection(ExtensibilityGlobals) = postSolution
		SolutionGuid = {4920A00D-EE6C-42F0-A63F-43D326343F09}
	EndGlobalSection
EndGlobal
